
Microsoft Visual Studio Solution File, Format Version 12.00
# Visual Studio Version 17
VisualStudioVersion = 17.9.34622.214
MinimumVisualStudioVersion = 10.0.40219.1
Project("{FAE04EC0-301F-11D3-BF4B-00C04F79EFBC}") = "ShipmentTracking", "ShipmentTracking.csproj", "{BFC939DA-1A85-471F-BF88-0DDCC02292C9}"
EndProject
Global
	GlobalSection(SolutionConfigurationPlatforms) = preSolution
		Debug|Any CPU = Debug|Any CPU
		Release|Any CPU = Release|Any CPU
	EndGlobalSection
	GlobalSection(ProjectConfigurationPlatforms) = postSolution
		{BFC939DA-1A85-471F-BF88-0DDCC02292C9}.Debug|Any CPU.ActiveCfg = Debug|Any CPU
		{BFC939DA-1A85-471F-BF88-0DDCC02292C9}.Debug|Any CPU.Build.0 = Debug|Any CPU
		{BFC939DA-1A85-471F-BF88-0DDCC02292C9}.Release|Any CPU.ActiveCfg = Release|Any CPU
		{BFC939DA-1A85-471F-BF88-0DDCC02292C9}.Release|Any CPU.Build.0 = Release|Any CPU
	EndGlobalSection
	GlobalSection(SolutionProperties) = preSolution
		HideSolutionNode = FALSE
	EndGlobalSection
	GlobalSection(ExtensibilityGlobals) = postSolution
		SolutionGuid = {7617EB1A-3A0E-4827-AFB0-2909E05CDCDA}
	EndGlobalSection
EndGlobal
